
Microsoft Visual Studio Solution File, Format Version 12.00
# Visual Studio 15
Project("{FAE04EC0-301F-11D3-BF4B-00C04F79EFBC}") = "Assembly-CSharp", "Assembly-CSharp.csproj", "{4C6D335A-0EB4-578D-54D0-CD1E04BEA717}"
EndProject
Project("{FAE04EC0-301F-11D3-BF4B-00C04F79EFBC}") = "Assembly-CSharp-firstpass", "Assembly-CSharp-firstpass.csproj", "{BB6A78D0-E2FD-82E7-E2FC-A7835D5AB927}"
EndProject
Global
	GlobalSection(SolutionConfigurationPlatforms) = preSolution
		Debug|Any CPU = Debug|Any CPU
		Release|Any CPU = Release|Any CPU
	EndGlobalSection
	GlobalSection(ProjectConfigurationPlatforms) = postSolution
		{4C6D335A-0EB4-578D-54D0-CD1E04BEA717}.Debug|Any CPU.ActiveCfg = Debug|Any CPU
		{4C6D335A-0EB4-578D-54D0-CD1E04BEA717}.Debug|Any CPU.Build.0 = Debug|Any CPU
		{4C6D335A-0EB4-578D-54D0-CD1E04BEA717}.Release|Any CPU.ActiveCfg = Release|Any CPU
		{4C6D335A-0EB4-578D-54D0-CD1E04BEA717}.Release|Any CPU.Build.0 = Release|Any CPU
		{BB6A78D0-E2FD-82E7-E2FC-A7835D5AB927}.Debug|Any CPU.ActiveCfg = Debug|Any CPU
		{BB6A78D0-E2FD-82E7-E2FC-A7835D5AB927}.Debug|Any CPU.Build.0 = Debug|Any CPU
		{BB6A78D0-E2FD-82E7-E2FC-A7835D5AB927}.Release|Any CPU.ActiveCfg = Release|Any CPU
		{BB6A78D0-E2FD-82E7-E2FC-A7835D5AB927}.Release|Any CPU.Build.0 = Release|Any CPU
	EndGlobalSection
	GlobalSection(SolutionProperties) = preSolution
		HideSolutionNode = FALSE
	EndGlobalSection
EndGlobal
